
Microsoft Visual Studio Solution File, Format Version 12.00
# Visual Studio 14
VisualStudioVersion = 14.0.22310.0
MinimumVisualStudioVersion = 10.0.40219.1
Project("{FAE04EC0-301F-11D3-BF4B-00C04F79EFBC}") = "AzureWebApplication1", "AzureWebApplication1\AzureWebApplication1.csproj", "{289340A8-4084-4245-9146-158A135CF374}"
EndProject
Project("{2150E333-8FDC-42A3-9474-1A3956D46DE8}") = "PublishScripts", "PublishScripts", "{B6C7313B-1E17-4ADB-8EFF-0BD92D8DD492}"
	ProjectSection(SolutionItems) = preProject
		PublishScripts\AzureWebsitePublishModule.psm1 = PublishScripts\AzureWebsitePublishModule.psm1
		PublishScripts\Publish-WebApplicationWebsite.ps1 = PublishScripts\Publish-WebApplicationWebsite.ps1
	EndProjectSection
EndProject
Project("{2150E333-8FDC-42A3-9474-1A3956D46DE8}") = "Configurations", "Configurations", "{BA19AB89-BF4E-4F9C-AA2D-5F9F9AF79AF4}"
	ProjectSection(SolutionItems) = preProject
		PublishScripts\Configurations\AzureWebApplication1-WAWS-dev.json = PublishScripts\Configurations\AzureWebApplication1-WAWS-dev.json
	EndProjectSection
EndProject
Global
	GlobalSection(SolutionConfigurationPlatforms) = preSolution
		Debug|Any CPU = Debug|Any CPU
		Release|Any CPU = Release|Any CPU
	EndGlobalSection
	GlobalSection(ProjectConfigurationPlatforms) = postSolution
		{289340A8-4084-4245-9146-158A135CF374}.Debug|Any CPU.ActiveCfg = Debug|Any CPU
		{289340A8-4084-4245-9146-158A135CF374}.Debug|Any CPU.Build.0 = Debug|Any CPU
		{289340A8-4084-4245-9146-158A135CF374}.Release|Any CPU.ActiveCfg = Release|Any CPU
		{289340A8-4084-4245-9146-158A135CF374}.Release|Any CPU.Build.0 = Release|Any CPU
	EndGlobalSection
	GlobalSection(SolutionProperties) = preSolution
		HideSolutionNode = FALSE
	EndGlobalSection
	GlobalSection(NestedProjects) = preSolution
		{BA19AB89-BF4E-4F9C-AA2D-5F9F9AF79AF4} = {B6C7313B-1E17-4ADB-8EFF-0BD92D8DD492}
	EndGlobalSection
EndGlobal
