
Microsoft Visual Studio Solution File, Format Version 12.00
# Visual Studio 14
VisualStudioVersion = 14.0.23107.0
MinimumVisualStudioVersion = 10.0.40219.1
Project("{CC5FD16D-436D-48AD-A40C-5A424C6E3E79}") = "AzureCloudServiceSDK27", "AzureCloudServiceSDK27\AzureCloudServiceSDK27.ccproj", "{DB69BDD6-5757-4441-AB53-93EC1338E11D}"
EndProject
Project("{FAE04EC0-301F-11D3-BF4B-00C04F79EFBC}") = "WebRole1", "WebRole1\WebRole1.csproj", "{C6E2BD3D-4BD0-4EDF-BE49-EEFA53F39AA8}"
EndProject
Project("{FAE04EC0-301F-11D3-BF4B-00C04F79EFBC}") = "WorkerRole1", "WorkerRole1\WorkerRole1.csproj", "{B4C53DA8-5FB8-49D5-ADFC-F02C76D8C76F}"
EndProject
Global
	GlobalSection(SolutionConfigurationPlatforms) = preSolution
		Debug|Any CPU = Debug|Any CPU
		Release|Any CPU = Release|Any CPU
	EndGlobalSection
	GlobalSection(ProjectConfigurationPlatforms) = postSolution
		{DB69BDD6-5757-4441-AB53-93EC1338E11D}.Debug|Any CPU.ActiveCfg = Debug|Any CPU
		{DB69BDD6-5757-4441-AB53-93EC1338E11D}.Debug|Any CPU.Build.0 = Debug|Any CPU
		{DB69BDD6-5757-4441-AB53-93EC1338E11D}.Release|Any CPU.ActiveCfg = Release|Any CPU
		{DB69BDD6-5757-4441-AB53-93EC1338E11D}.Release|Any CPU.Build.0 = Release|Any CPU
		{C6E2BD3D-4BD0-4EDF-BE49-EEFA53F39AA8}.Debug|Any CPU.ActiveCfg = Debug|Any CPU
		{C6E2BD3D-4BD0-4EDF-BE49-EEFA53F39AA8}.Debug|Any CPU.Build.0 = Debug|Any CPU
		{C6E2BD3D-4BD0-4EDF-BE49-EEFA53F39AA8}.Release|Any CPU.ActiveCfg = Release|Any CPU
		{C6E2BD3D-4BD0-4EDF-BE49-EEFA53F39AA8}.Release|Any CPU.Build.0 = Release|Any CPU
		{B4C53DA8-5FB8-49D5-ADFC-F02C76D8C76F}.Debug|Any CPU.ActiveCfg = Debug|Any CPU
		{B4C53DA8-5FB8-49D5-ADFC-F02C76D8C76F}.Debug|Any CPU.Build.0 = Debug|Any CPU
		{B4C53DA8-5FB8-49D5-ADFC-F02C76D8C76F}.Release|Any CPU.ActiveCfg = Release|Any CPU
		{B4C53DA8-5FB8-49D5-ADFC-F02C76D8C76F}.Release|Any CPU.Build.0 = Release|Any CPU
	EndGlobalSection
	GlobalSection(SolutionProperties) = preSolution
		HideSolutionNode = FALSE
	EndGlobalSection
EndGlobal
